// !$*UTF8*$!
{
	archiveVersion = 1;
	classes = {
	};
	objectVersion = 46;
	objects = {

/* Begin PBXBuildFile section */
		B1A79BB51B14D414005C4985 /* AppDelegate.swift in Sources */ = {isa = PBXBuildFile; fileRef = B1A79BB41B14D414005C4985 /* AppDelegate.swift */; };
		B1A79BB71B14D414005C4985 /* ViewController.swift in Sources */ = {isa = PBXBuildFile; fileRef = B1A79BB61B14D414005C4985 /* ViewController.swift */; };
		B1A79BBA1B14D414005C4985 /* Main.storyboard in Resources */ = {isa = PBXBuildFile; fileRef = B1A79BB81B14D414005C4985 /* Main.storyboard */; };
		B1A79BBC1B14D414005C4985 /* Images.xcassets in Resources */ = {isa = PBXBuildFile; fileRef = B1A79BBB1B14D414005C4985 /* Images.xcassets */; };
		B1A79BBF1B14D414005C4985 /* LaunchScreen.xib in Resources */ = {isa = PBXBuildFile; fileRef = B1A79BBD1B14D414005C4985 /* LaunchScreen.xib */; };
		B1A79BCB1B14D414005C4985 /* CalculatorDemoTests.swift in Sources */ = {isa = PBXBuildFile; fileRef = B1A79BCA1B14D414005C4985 /* CalculatorDemoTests.swift */; };
		B1A79BD71B14D4B3005C4985 /* Calculator.m in Sources */ = {isa = PBXBuildFile; fileRef = B1A79BD61B14D4B3005C4985 /* Calculator.m */; };
/* End PBXBuildFile section */

/* Begin PBXContainerItemProxy section */
		B1A79BC51B14D414005C4985 /* PBXContainerItemProxy */ = {
			isa = PBXContainerItemProxy;
			containerPortal = B1A79BA71B14D414005C4985 /* Project object */;
			proxyType = 1;
			remoteGlobalIDString = B1A79BAE1B14D414005C4985;
			remoteInfo = CalculatorDemo;
		};
/* End PBXContainerItemProxy section */

/* Begin PBXFileReference section */
		B1A79BAF1B14D414005C4985 /* CalculatorDemo.app */ = {isa = PBXFileReference; explicitFileType = wrapper.application; includeInIndex = 0; path = CalculatorDemo.app; sourceTree = BUILT_PRODUCTS_DIR; };
		B1A79BB31B14D414005C4985 /* Info.plist */ = {isa = PBXFileReference; lastKnownFileType = text.plist.xml; path = Info.plist; sourceTree = "<group>"; };
		B1A79BB41B14D414005C4985 /* AppDelegate.swift */ = {isa = PBXFileReference; lastKnownFileType = sourcecode.swift; path = AppDelegate.swift; sourceTree = "<group>"; };
		B1A79BB61B14D414005C4985 /* ViewController.swift */ = {isa = PBXFileReference; lastKnownFileType = sourcecode.swift; path = ViewController.swift; sourceTree = "<group>"; };
		B1A79BB91B14D414005C4985 /* Base */ = {isa = PBXFileReference; lastKnownFileType = file.storyboard; name = Base; path = Base.lproj/Main.storyboard; sourceTree = "<group>"; };
		B1A79BBB1B14D414005C4985 /* Images.xcassets */ = {isa = PBXFileReference; lastKnownFileType = folder.assetcatalog; path = Images.xcassets; sourceTree = "<group>"; };
		B1A79BBE1B14D414005C4985 /* Base */ = {isa = PBXFileReference; lastKnownFileType = file.xib; name = Base; path = Base.lproj/LaunchScreen.xib; sourceTree = "<group>"; };
		B1A79BC41B14D414005C4985 /* CalculatorDemoTests.xctest */ = {isa = PBXFileReference; explicitFileType = wrapper.cfbundle; includeInIndex = 0; path = CalculatorDemoTests.xctest; sourceTree = BUILT_PRODUCTS_DIR; };
		B1A79BC91B14D414005C4985 /* Info.plist */ = {isa = PBXFileReference; lastKnownFileType = text.plist.xml; path = Info.plist; sourceTree = "<group>"; };
		B1A79BCA1B14D414005C4985 /* CalculatorDemoTests.swift */ = {isa = PBXFileReference; lastKnownFileType = sourcecode.swift; name = CalculatorDemoTests.swift; path = CalculatorDemoTests/CalculatorDemoTests.swift; sourceTree = SOURCE_ROOT; };
		B1A79BD41B14D4B2005C4985 /* CalculatorDemo-Bridging-Header.h */ = {isa = PBXFileReference; lastKnownFileType = sourcecode.c.h; path = "CalculatorDemo-Bridging-Header.h"; sourceTree = "<group>"; };
		B1A79BD51B14D4B3005C4985 /* Calculator.h */ = {isa = PBXFileReference; fileEncoding = 4; lastKnownFileType = sourcecode.c.h; path = Calculator.h; sourceTree = "<group>"; };
		B1A79BD61B14D4B3005C4985 /* Calculator.m */ = {isa = PBXFileReference; fileEncoding = 4; lastKnownFileType = sourcecode.c.objc; path = Calculator.m; sourceTree = "<group>"; };
/* End PBXFileReference section */

/* Begin PBXFrameworksBuildPhase section */
		B1A79BAC1B14D414005C4985 /* Frameworks */ = {
			isa = PBXFrameworksBuildPhase;
			buildActionMask = 2147483647;
			files = (
			);
			runOnlyForDeploymentPostprocessing = 0;
		};
		B1A79BC11B14D414005C4985 /* Frameworks */ = {
			isa = PBXFrameworksBuildPhase;
			buildActionMask = 2147483647;
			files = (
			);
			runOnlyForDeploymentPostprocessing = 0;
		};
/* End PBXFrameworksBuildPhase section */

/* Begin PBXGroup section */
		B1A79BA61B14D414005C4985 = {
			isa = PBXGroup;
			children = (
				B1A79BB11B14D414005C4985 /* CalculatorDemo */,
				B1A79BC71B14D414005C4985 /* CalculatorDemoTests */,
				B1A79BB01B14D414005C4985 /* Products */,
			);
			sourceTree = "<group>";
		};
		B1A79BB01B14D414005C4985 /* Products */ = {
			isa = PBXGroup;
			children = (
				B1A79BAF1B14D414005C4985 /* CalculatorDemo.app */,
				B1A79BC41B14D414005C4985 /* CalculatorDemoTests.xctest */,
			);
			name = Products;
			sourceTree = "<group>";
		};
		B1A79BB11B14D414005C4985 /* CalculatorDemo */ = {
			isa = PBXGroup;
			children = (
				B1A79BB41B14D414005C4985 /* AppDelegate.swift */,
				B1A79BB61B14D414005C4985 /* ViewController.swift */,
				B1A79BB81B14D414005C4985 /* Main.storyboard */,
				B1A79BD51B14D4B3005C4985 /* Calculator.h */,
				B1A79BD61B14D4B3005C4985 /* Calculator.m */,
				B1A79BBB1B14D414005C4985 /* Images.xcassets */,
				B1A79BBD1B14D414005C4985 /* LaunchScreen.xib */,
				B1A79BB21B14D414005C4985 /* Supporting Files */,
				B1A79BD41B14D4B2005C4985 /* CalculatorDemo-Bridging-Header.h */,
			);
			path = CalculatorDemo;
			sourceTree = "<group>";
		};
		B1A79BB21B14D414005C4985 /* Supporting Files */ = {
			isa = PBXGroup;
			children = (
				B1A79BB31B14D414005C4985 /* Info.plist */,
			);
			name = "Supporting Files";
			sourceTree = "<group>";
		};
		B1A79BC71B14D414005C4985 /* CalculatorDemoTests */ = {
			isa = PBXGroup;
			children = (
				B1A79BCA1B14D414005C4985 /* CalculatorDemoTests.swift */,
				B1A79BC81B14D414005C4985 /* Supporting Files */,
			);
			path = CalculatorDemoTests;
			sourceTree = "<group>";
		};
		B1A79BC81B14D414005C4985 /* Supporting Files */ = {
			isa = PBXGroup;
			children = (
				B1A79BC91B14D414005C4985 /* Info.plist */,
			);
			name = "Supporting Files";
			sourceTree = "<group>";
		};
/* End PBXGroup section */

/* Begin PBXNativeTarget section */
		B1A79BAE1B14D414005C4985 /* CalculatorDemo */ = {
			isa = PBXNativeTarget;
			buildConfigurationList = B1A79BCE1B14D414005C4985 /* Build configuration list for PBXNativeTarget "CalculatorDemo" */;
			buildPhases = (
				B1A79BAB1B14D414005C4985 /* Sources */,
				B1A79BAC1B14D414005C4985 /* Frameworks */,
				B1A79BAD1B14D414005C4985 /* Resources */,
			);
			buildRules = (
			);
			dependencies = (
			);
			name = CalculatorDemo;
			productName = CalculatorDemo;
			productReference = B1A79BAF1B14D414005C4985 /* CalculatorDemo.app */;
			productType = "com.apple.product-type.application";
		};
		B1A79BC31B14D414005C4985 /* CalculatorDemoTests */ = {
			isa = PBXNativeTarget;
			buildConfigurationList = B1A79BD11B14D414005C4985 /* Build configuration list for PBXNativeTarget "CalculatorDemoTests" */;
			buildPhases = (
				B1A79BC01B14D414005C4985 /* Sources */,
				B1A79BC11B14D414005C4985 /* Frameworks */,
				B1A79BC21B14D414005C4985 /* Resources */,
			);
			buildRules = (
			);
			dependencies = (
				B1A79BC61B14D414005C4985 /* PBXTargetDependency */,
			);
			name = CalculatorDemoTests;
			productName = CalculatorDemoTests;
			productReference = B1A79BC41B14D414005C4985 /* CalculatorDemoTests.xctest */;
			productType = "com.apple.product-type.bundle.unit-test";
		};
/* End PBXNativeTarget section */

/* Begin PBXProject section */
		B1A79BA71B14D414005C4985 /* Project object */ = {
			isa = PBXProject;
			attributes = {
				LastUpgradeCheck = 0630;
				ORGANIZATIONNAME = "Janardan Yri";
				TargetAttributes = {
					B1A79BAE1B14D414005C4985 = {
						CreatedOnToolsVersion = 6.3.2;
					};
					B1A79BC31B14D414005C4985 = {
						CreatedOnToolsVersion = 6.3.2;
						TestTargetID = B1A79BAE1B14D414005C4985;
					};
				};
			};
			buildConfigurationList = B1A79BAA1B14D414005C4985 /* Build configuration list for PBXProject "CalculatorDemo" */;
			compatibilityVersion = "Xcode 3.2";
			developmentRegion = English;
			hasScannedForEncodings = 0;
			knownRegions = (
				en,
				Base,
			);
			mainGroup = B1A79BA61B14D414005C4985;
			productRefGroup = B1A79BB01B14D414005C4985 /* Products */;
			projectDirPath = "";
			projectRoot = "";
			targets = (
				B1A79BAE1B14D414005C4985 /* CalculatorDemo */,
				B1A79BC31B14D414005C4985 /* CalculatorDemoTests */,
			);
		};
/* End PBXProject section */

/* Begin PBXResourcesBuildPhase section */
		B1A79BAD1B14D414005C4985 /* Resources */ = {
			isa = PBXResourcesBuildPhase;
			buildActionMask = 2147483647;
			files = (
				B1A79BBA1B14D414005C4985 /* Main.storyboard in Resources */,
				B1A79BBF1B14D414005C4985 /* LaunchScreen.xib in Resources */,
				B1A79BBC1B14D414005C4985 /* Images.xcassets in Resources */,
			);
			runOnlyForDeploymentPostprocessing = 0;
		};
		B1A79BC21B14D414005C4985 /* Resources */ = {
			isa = PBXResourcesBuildPhase;
			buildActionMask = 2147483647;
			files = (
			);
			runOnlyForDeploymentPostprocessing = 0;
		};
/* End PBXResourcesBuildPhase section */

/* Begin PBXSourcesBuildPhase section */
		B1A79BAB1B14D414005C4985 /* Sources */ = {
			isa = PBXSourcesBuildPhase;
			buildActionMask = 2147483647;
			files = (
				B1A79BD71B14D4B3005C4985 /* Calculator.m in Sources */,
				B1A79BB71B14D414005C4985 /* ViewController.swift in Sources */,
				B1A79BB51B14D414005C4985 /* AppDelegate.swift in Sources */,
			);
			runOnlyForDeploymentPostprocessing = 0;
		};
		B1A79BC01B14D414005C4985 /* Sources */ = {
			isa = PBXSourcesBuildPhase;
			buildActionMask = 2147483647;
			files = (
				B1A79BCB1B14D414005C4985 /* CalculatorDemoTests.swift in Sources */,
			);
			runOnlyForDeploymentPostprocessing = 0;
		};
/* End PBXSourcesBuildPhase section */

/* Begin PBXTargetDependency section */
		B1A79BC61B14D414005C4985 /* PBXTargetDependency */ = {
			isa = PBXTargetDependency;
			target = B1A79BAE1B14D414005C4985 /* CalculatorDemo */;
			targetProxy = B1A79BC51B14D414005C4985 /* PBXContainerItemProxy */;
		};
/* End PBXTargetDependency section */

/* Begin PBXVariantGroup section */
		B1A79BB81B14D414005C4985 /* Main.storyboard */ = {
			isa = PBXVariantGroup;
			children = (
				B1A79BB91B14D414005C4985 /* Base */,
			);
			name = Main.storyboard;
			sourceTree = "<group>";
		};
		B1A79BBD1B14D414005C4985 /* LaunchScreen.xib */ = {
			isa = PBXVariantGroup;
			children = (
				B1A79BBE1B14D414005C4985 /* Base */,
			);
			name = LaunchScreen.xib;
			sourceTree = "<group>";
		};
/* End PBXVariantGroup section */

/* Begin XCBuildConfiguration section */
		B1A79BCC1B14D414005C4985 /* Debug */ = {
			isa = XCBuildConfiguration;
			buildSettings = {
				ALWAYS_SEARCH_USER_PATHS = NO;
				CLANG_CXX_LANGUAGE_STANDARD = "gnu++0x";
				CLANG_CXX_LIBRARY = "libc++";
				CLANG_ENABLE_MODULES = YES;
				CLANG_ENABLE_OBJC_ARC = YES;
				CLANG_WARN_BOOL_CONVERSION = YES;
				CLANG_WARN_CONSTANT_CONVERSION = YES;
				CLANG_WARN_DIRECT_OBJC_ISA_USAGE = YES_ERROR;
				CLANG_WARN_EMPTY_BODY = YES;
				CLANG_WARN_ENUM_CONVERSION = YES;
				CLANG_WARN_INT_CONVERSION = YES;
				CLANG_WARN_OBJC_ROOT_CLASS = YES_ERROR;
				CLANG_WARN_UNREACHABLE_CODE = YES;
				CLANG_WARN__DUPLICATE_METHOD_MATCH = YES;
				"CODE_SIGN_IDENTITY[sdk=iphoneos*]" = "iPhone Developer";
				COPY_PHASE_STRIP = NO;
				DEBUG_INFORMATION_FORMAT = "dwarf-with-dsym";
				ENABLE_STRICT_OBJC_MSGSEND = YES;
				GCC_C_LANGUAGE_STANDARD = gnu99;
				GCC_DYNAMIC_NO_PIC = NO;
				GCC_NO_COMMON_BLOCKS = YES;
				GCC_OPTIMIZATION_LEVEL = 0;
				GCC_PREPROCESSOR_DEFINITIONS = (
					"DEBUG=1",
					"$(inherited)",
				);
				GCC_SYMBOLS_PRIVATE_EXTERN = NO;
				GCC_WARN_64_TO_32_BIT_CONVERSION = YES;
				GCC_WARN_ABOUT_RETURN_TYPE = YES_ERROR;
				GCC_WARN_UNDECLARED_SELECTOR = YES;
				GCC_WARN_UNINITIALIZED_AUTOS = YES_AGGRESSIVE;
				GCC_WARN_UNUSED_FUNCTION = YES;
				GCC_WARN_UNUSED_VARIABLE = YES;
				IPHONEOS_DEPLOYMENT_TARGET = 8.3;
				MTL_ENABLE_DEBUG_INFO = YES;
				ONLY_ACTIVE_ARCH = YES;
				SDKROOT = iphoneos;
				SWIFT_OBJC_BRIDGING_HEADER = "CalculatorDemo/CalculatorDemo-Bridging-Header.h";
				SWIFT_OPTIMIZATION_LEVEL = "-Onone";
			};
			name = Debug;
		};
		B1A79BCD1B14D414005C4985 /* Release */ = {
			isa = XCBuildConfiguration;
			buildSettings = {
				ALWAYS_SEARCH_USER_PATHS = NO;
				CLANG_CXX_LANGUAGE_STANDARD = "gnu++0x";
				CLANG_CXX_LIBRARY = "libc++";
				CLANG_ENABLE_MODULES = YES;
				CLANG_ENABLE_OBJC_ARC = YES;
				CLANG_WARN_BOOL_CONVERSION = YES;
				CLANG_WARN_CONSTANT_CONVERSION = YES;
				CLANG_WARN_DIRECT_OBJC_ISA_USAGE = YES_ERROR;
				CLANG_WARN_EMPTY_BODY = YES;
				CLANG_WARN_ENUM_CONVERSION = YES;
				CLANG_WARN_INT_CONVERSION = YES;
				CLANG_WARN_OBJC_ROOT_CLASS = YES_ERROR;
				CLANG_WARN_UNREACHABLE_CODE = YES;
				CLANG_WARN__DUPLICATE_METHOD_MATCH = YES;
				"CODE_SIGN_IDENTITY[sdk=iphoneos*]" = "iPhone Developer";
				COPY_PHASE_STRIP = NO;
				DEBUG_INFORMATION_FORMAT = "dwarf-with-dsym";
				ENABLE_NS_ASSERTIONS = NO;
				ENABLE_STRICT_OBJC_MSGSEND = YES;
				GCC_C_LANGUAGE_STANDARD = gnu99;
				GCC_NO_COMMON_BLOCKS = YES;
				GCC_WARN_64_TO_32_BIT_CONVERSION = YES;
				GCC_WARN_ABOUT_RETURN_TYPE = YES_ERROR;
				GCC_WARN_UNDECLARED_SELECTOR = YES;
				GCC_WARN_UNINITIALIZED_AUTOS = YES_AGGRESSIVE;
				GCC_WARN_UNUSED_FUNCTION = YES;
				GCC_WARN_UNUSED_VARIABLE = YES;
				IPHONEOS_DEPLOYMENT_TARGET = 8.3;
				MTL_ENABLE_DEBUG_INFO = NO;
				SDKROOT = iphoneos;
				SWIFT_OBJC_BRIDGING_HEADER = "CalculatorDemo/CalculatorDemo-Bridging-Header.h";
				VALIDATE_PRODUCT = YES;
			};
			name = Release;
		};
		B1A79BCF1B14D414005C4985 /* Debug */ = {
			isa = XCBuildConfiguration;
			buildSettings = {
				ASSETCATALOG_COMPILER_APPICON_NAME = AppIcon;
				CLANG_ENABLE_MODULES = YES;
				INFOPLIST_FILE = CalculatorDemo/Info.plist;
				LD_RUNPATH_SEARCH_PATHS = "$(inherited) @executable_path/Frameworks";
				PRODUCT_NAME = "$(TARGET_NAME)";
				SWIFT_OBJC_BRIDGING_HEADER = "CalculatorDemo/CalculatorDemo-Bridging-Header.h";
				SWIFT_OPTIMIZATION_LEVEL = "-Onone";
			};
			name = Debug;
		};
		B1A79BD01B14D414005C4985 /* Release */ = {
			isa = XCBuildConfiguration;
			buildSettings = {
				ASSETCATALOG_COMPILER_APPICON_NAME = AppIcon;
				CLANG_ENABLE_MODULES = YES;
				INFOPLIST_FILE = CalculatorDemo/Info.plist;
				LD_RUNPATH_SEARCH_PATHS = "$(inherited) @executable_path/Frameworks";
				PRODUCT_NAME = "$(TARGET_NAME)";
				SWIFT_OBJC_BRIDGING_HEADER = "CalculatorDemo/CalculatorDemo-Bridging-Header.h";
			};
			name = Release;
		};
		B1A79BD21B14D414005C4985 /* Debug */ = {
			isa = XCBuildConfiguration;
			buildSettings = {
				BUNDLE_LOADER = "$(TEST_HOST)";
				FRAMEWORK_SEARCH_PATHS = (
					"$(SDKROOT)/Developer/Library/Frameworks",
					"$(inherited)",
				);
				GCC_PREPROCESSOR_DEFINITIONS = (
					"DEBUG=1",
					"$(inherited)",
				);
				INFOPLIST_FILE = CalculatorDemoTests/Info.plist;
				LD_RUNPATH_SEARCH_PATHS = "$(inherited) @executable_path/Frameworks @loader_path/Frameworks";
				PRODUCT_NAME = "$(TARGET_NAME)";
				TEST_HOST = "$(BUILT_PRODUCTS_DIR)/CalculatorDemo.app/CalculatorDemo";
			};
			name = Debug;
		};
		B1A79BD31B14D414005C4985 /* Release */ = {
			isa = XCBuildConfiguration;
			buildSettings = {
				BUNDLE_LOADER = "$(TEST_HOST)";
				FRAMEWORK_SEARCH_PATHS = (
					"$(SDKROOT)/Developer/Library/Frameworks",
					"$(inherited)",
				);
				INFOPLIST_FILE = CalculatorDemoTests/Info.plist;
				LD_RUNPATH_SEARCH_PATHS = "$(inherited) @executable_path/Frameworks @loader_path/Frameworks";
				PRODUCT_NAME = "$(TARGET_NAME)";
				TEST_HOST = "$(BUILT_PRODUCTS_DIR)/CalculatorDemo.app/CalculatorDemo";
			};
			name = Release;
		};
/* End XCBuildConfiguration section */

/* Begin XCConfigurationList section */
		B1A79BAA1B14D414005C4985 /* Build configuration list for PBXProject "CalculatorDemo" */ = {
			isa = XCConfigurationList;
			buildConfigurations = (
				B1A79BCC1B14D414005C4985 /* Debug */,
				B1A79BCD1B14D414005C4985 /* Release */,
			);
			defaultConfigurationIsVisible = 0;
			defaultConfigurationName = Release;
		};
		B1A79BCE1B14D414005C4985 /* Build configuration list for PBXNativeTarget "CalculatorDemo" */ = {
			isa = XCConfigurationList;
			buildConfigurations = (
				B1A79BCF1B14D414005C4985 /* Debug */,
				B1A79BD01B14D414005C4985 /* Release */,
			);
			defaultConfigurationIsVisible = 0;
		};
		B1A79BD11B14D414005C4985 /* Build configuration list for PBXNativeTarget "CalculatorDemoTests" */ = {
			isa = XCConfigurationList;
			buildConfigurations = (
				B1A79BD21B14D414005C4985 /* Debug */,
				B1A79BD31B14D414005C4985 /* Release */,
			);
			defaultConfigurationIsVisible = 0;
		};
/* End XCConfigurationList section */
	};
	rootObject = B1A79BA71B14D414005C4985 /* Project object */;
}
